
Microsoft Visual Studio Solution File, Format Version 12.00
# Visual Studio Version 16
VisualStudioVersion = 16.0.28729.10
MinimumVisualStudioVersion = 10.0.40219.1
Project("{FAE04EC0-301F-11D3-BF4B-00C04F79EFBC}") = "AppInsightsTestApp", "AppInsightsTestApp\AppInsightsTestApp.csproj", "{F244A8DE-0C46-4615-B5A3-8DA391891014}"
EndProject
Global
	GlobalSection(SolutionConfigurationPlatforms) = preSolution
		Debug|Any CPU = Debug|Any CPU
		Release|Any CPU = Release|Any CPU
	EndGlobalSection
	GlobalSection(ProjectConfigurationPlatforms) = postSolution
		{F244A8DE-0C46-4615-B5A3-8DA391891014}.Debug|Any CPU.ActiveCfg = Debug|Any CPU
		{F244A8DE-0C46-4615-B5A3-8DA391891014}.Debug|Any CPU.Build.0 = Debug|Any CPU
		{F244A8DE-0C46-4615-B5A3-8DA391891014}.Release|Any CPU.ActiveCfg = Release|Any CPU
		{F244A8DE-0C46-4615-B5A3-8DA391891014}.Release|Any CPU.Build.0 = Release|Any CPU
	EndGlobalSection
	GlobalSection(SolutionProperties) = preSolution
		HideSolutionNode = FALSE
	EndGlobalSection
	GlobalSection(ExtensibilityGlobals) = postSolution
		SolutionGuid = {8E543A38-8CA7-4A3C-9351-A3B7028579E4}
	EndGlobalSection
EndGlobal
